// !$*UTF8*$!
{
	archiveVersion = 1;
	classes = {
	};
	objectVersion = 46;
	objects = {

/* Begin PBXBuildFile section */
		1BAB216C1DDA7D5500BEC942 /* main.m in Sources */ = {isa = PBXBuildFile; fileRef = 1BAB216B1DDA7D5500BEC942 /* main.m */; };
		1BAB216F1DDA7D5500BEC942 /* AppDelegate.m in Sources */ = {isa = PBXBuildFile; fileRef = 1BAB216E1DDA7D5500BEC942 /* AppDelegate.m */; };
		1BAB21721DDA7D5500BEC942 /* GameScene.m in Sources */ = {isa = PBXBuildFile; fileRef = 1BAB21711DDA7D5500BEC942 /* GameScene.m */; };
		1BAB21741DDA7D5500BEC942 /* GameScene.sks in Resources */ = {isa = PBXBuildFile; fileRef = 1BAB21731DDA7D5500BEC942 /* GameScene.sks */; };
		1BAB21771DDA7D5500BEC942 /* GameViewController.m in Sources */ = {isa = PBXBuildFile; fileRef = 1BAB21761DDA7D5500BEC942 /* GameViewController.m */; };
		1BAB217A1DDA7D5500BEC942 /* Main.storyboard in Resources */ = {isa = PBXBuildFile; fileRef = 1BAB21781DDA7D5500BEC942 /* Main.storyboard */; };
		1BAB217C1DDA7D5500BEC942 /* Assets.xcassets in Resources */ = {isa = PBXBuildFile; fileRef = 1BAB217B1DDA7D5500BEC942 /* Assets.xcassets */; };
		1BAB217F1DDA7D5500BEC942 /* LaunchScreen.storyboard in Resources */ = {isa = PBXBuildFile; fileRef = 1BAB217D1DDA7D5500BEC942 /* LaunchScreen.storyboard */; };
		1BAB218A1DDA7D5500BEC942 /* SpaceNeonWarsTests.m in Sources */ = {isa = PBXBuildFile; fileRef = 1BAB21891DDA7D5500BEC942 /* SpaceNeonWarsTests.m */; };
/* End PBXBuildFile section */

/* Begin PBXContainerItemProxy section */
		1BAB21861DDA7D5500BEC942 /* PBXContainerItemProxy */ = {
			isa = PBXContainerItemProxy;
			containerPortal = 1BAB215F1DDA7D5500BEC942 /* Project object */;
			proxyType = 1;
			remoteGlobalIDString = 1BAB21661DDA7D5500BEC942;
			remoteInfo = SpaceNeonWars;
		};
/* End PBXContainerItemProxy section */

/* Begin PBXFileReference section */
		1BAB21671DDA7D5500BEC942 /* SpaceNeonWars.app */ = {isa = PBXFileReference; explicitFileType = wrapper.application; includeInIndex = 0; path = SpaceNeonWars.app; sourceTree = BUILT_PRODUCTS_DIR; };
		1BAB216B1DDA7D5500BEC942 /* main.m */ = {isa = PBXFileReference; lastKnownFileType = sourcecode.c.objc; path = main.m; sourceTree = "<group>"; };
		1BAB216D1DDA7D5500BEC942 /* AppDelegate.h */ = {isa = PBXFileReference; lastKnownFileType = sourcecode.c.h; path = AppDelegate.h; sourceTree = "<group>"; };
		1BAB216E1DDA7D5500BEC942 /* AppDelegate.m */ = {isa = PBXFileReference; lastKnownFileType = sourcecode.c.objc; path = AppDelegate.m; sourceTree = "<group>"; };
		1BAB21701DDA7D5500BEC942 /* GameScene.h */ = {isa = PBXFileReference; lastKnownFileType = sourcecode.c.h; path = GameScene.h; sourceTree = "<group>"; };
		1BAB21711DDA7D5500BEC942 /* GameScene.m */ = {isa = PBXFileReference; lastKnownFileType = sourcecode.c.objc; path = GameScene.m; sourceTree = "<group>"; };
		1BAB21731DDA7D5500BEC942 /* GameScene.sks */ = {isa = PBXFileReference; lastKnownFileType = file.sks; path = GameScene.sks; sourceTree = "<group>"; };
		1BAB21751DDA7D5500BEC942 /* GameViewController.h */ = {isa = PBXFileReference; lastKnownFileType = sourcecode.c.h; path = GameViewController.h; sourceTree = "<group>"; };
		1BAB21761DDA7D5500BEC942 /* GameViewController.m */ = {isa = PBXFileReference; lastKnownFileType = sourcecode.c.objc; path = GameViewController.m; sourceTree = "<group>"; };
		1BAB21791DDA7D5500BEC942 /* Base */ = {isa = PBXFileReference; lastKnownFileType = file.storyboard; name = Base; path = Base.lproj/Main.storyboard; sourceTree = "<group>"; };
		1BAB217B1DDA7D5500BEC942 /* Assets.xcassets */ = {isa = PBXFileReference; lastKnownFileType = folder.assetcatalog; path = Assets.xcassets; sourceTree = "<group>"; };
		1BAB217E1DDA7D5500BEC942 /* Base */ = {isa = PBXFileReference; lastKnownFileType = file.storyboard; name = Base; path = Base.lproj/LaunchScreen.storyboard; sourceTree = "<group>"; };
		1BAB21801DDA7D5500BEC942 /* Info.plist */ = {isa = PBXFileReference; lastKnownFileType = text.plist.xml; path = Info.plist; sourceTree = "<group>"; };
		1BAB21851DDA7D5500BEC942 /* SpaceNeonWarsTests.xctest */ = {isa = PBXFileReference; explicitFileType = wrapper.cfbundle; includeInIndex = 0; path = SpaceNeonWarsTests.xctest; sourceTree = BUILT_PRODUCTS_DIR; };
		1BAB21891DDA7D5500BEC942 /* SpaceNeonWarsTests.m */ = {isa = PBXFileReference; lastKnownFileType = sourcecode.c.objc; path = SpaceNeonWarsTests.m; sourceTree = "<group>"; };
		1BAB218B1DDA7D5500BEC942 /* Info.plist */ = {isa = PBXFileReference; lastKnownFileType = text.plist.xml; path = Info.plist; sourceTree = "<group>"; };
/* End PBXFileReference section */

/* Begin PBXFrameworksBuildPhase section */
		1BAB21641DDA7D5500BEC942 /* Frameworks */ = {
			isa = PBXFrameworksBuildPhase;
			buildActionMask = 2147483647;
			files = (
			);
			runOnlyForDeploymentPostprocessing = 0;
		};
		1BAB21821DDA7D5500BEC942 /* Frameworks */ = {
			isa = PBXFrameworksBuildPhase;
			buildActionMask = 2147483647;
			files = (
			);
			runOnlyForDeploymentPostprocessing = 0;
		};
/* End PBXFrameworksBuildPhase section */

/* Begin PBXGroup section */
		1BAB215E1DDA7D5500BEC942 = {
			isa = PBXGroup;
			children = (
				1BAB21691DDA7D5500BEC942 /* SpaceNeonWars */,
				1BAB21881DDA7D5500BEC942 /* SpaceNeonWarsTests */,
				1BAB21681DDA7D5500BEC942 /* Products */,
			);
			sourceTree = "<group>";
		};
		1BAB21681DDA7D5500BEC942 /* Products */ = {
			isa = PBXGroup;
			children = (
				1BAB21671DDA7D5500BEC942 /* SpaceNeonWars.app */,
				1BAB21851DDA7D5500BEC942 /* SpaceNeonWarsTests.xctest */,
			);
			name = Products;
			sourceTree = "<group>";
		};
		1BAB21691DDA7D5500BEC942 /* SpaceNeonWars */ = {
			isa = PBXGroup;
			children = (
				1BAB216D1DDA7D5500BEC942 /* AppDelegate.h */,
				1BAB216E1DDA7D5500BEC942 /* AppDelegate.m */,
				1BAB21701DDA7D5500BEC942 /* GameScene.h */,
				1BAB21711DDA7D5500BEC942 /* GameScene.m */,
				1BAB21731DDA7D5500BEC942 /* GameScene.sks */,
				1BAB21751DDA7D5500BEC942 /* GameViewController.h */,
				1BAB21761DDA7D5500BEC942 /* GameViewController.m */,
				1BAB21781DDA7D5500BEC942 /* Main.storyboard */,
				1BAB217B1DDA7D5500BEC942 /* Assets.xcassets */,
				1BAB217D1DDA7D5500BEC942 /* LaunchScreen.storyboard */,
				1BAB21801DDA7D5500BEC942 /* Info.plist */,
				1BAB216A1DDA7D5500BEC942 /* Supporting Files */,
			);
			path = SpaceNeonWars;
			sourceTree = "<group>";
		};
		1BAB216A1DDA7D5500BEC942 /* Supporting Files */ = {
			isa = PBXGroup;
			children = (
				1BAB216B1DDA7D5500BEC942 /* main.m */,
			);
			name = "Supporting Files";
			sourceTree = "<group>";
		};
		1BAB21881DDA7D5500BEC942 /* SpaceNeonWarsTests */ = {
			isa = PBXGroup;
			children = (
				1BAB21891DDA7D5500BEC942 /* SpaceNeonWarsTests.m */,
				1BAB218B1DDA7D5500BEC942 /* Info.plist */,
			);
			path = SpaceNeonWarsTests;
			sourceTree = "<group>";
		};
/* End PBXGroup section */

/* Begin PBXNativeTarget section */
		1BAB21661DDA7D5500BEC942 /* SpaceNeonWars */ = {
			isa = PBXNativeTarget;
			buildConfigurationList = 1BAB218E1DDA7D5500BEC942 /* Build configuration list for PBXNativeTarget "SpaceNeonWars" */;
			buildPhases = (
				1BAB21631DDA7D5500BEC942 /* Sources */,
				1BAB21641DDA7D5500BEC942 /* Frameworks */,
				1BAB21651DDA7D5500BEC942 /* Resources */,
			);
			buildRules = (
			);
			dependencies = (
			);
			name = SpaceNeonWars;
			productName = SpaceNeonWars;
			productReference = 1BAB21671DDA7D5500BEC942 /* SpaceNeonWars.app */;
			productType = "com.apple.product-type.application";
		};
		1BAB21841DDA7D5500BEC942 /* SpaceNeonWarsTests */ = {
			isa = PBXNativeTarget;
			buildConfigurationList = 1BAB21911DDA7D5500BEC942 /* Build configuration list for PBXNativeTarget "SpaceNeonWarsTests" */;
			buildPhases = (
				1BAB21811DDA7D5500BEC942 /* Sources */,
				1BAB21821DDA7D5500BEC942 /* Frameworks */,
				1BAB21831DDA7D5500BEC942 /* Resources */,
			);
			buildRules = (
			);
			dependencies = (
				1BAB21871DDA7D5500BEC942 /* PBXTargetDependency */,
			);
			name = SpaceNeonWarsTests;
			productName = SpaceNeonWarsTests;
			productReference = 1BAB21851DDA7D5500BEC942 /* SpaceNeonWarsTests.xctest */;
			productType = "com.apple.product-type.bundle.unit-test";
		};
/* End PBXNativeTarget section */

/* Begin PBXProject section */
		1BAB215F1DDA7D5500BEC942 /* Project object */ = {
			isa = PBXProject;
			attributes = {
				LastUpgradeCheck = 0730;
				ORGANIZATIONNAME = "Gajaharan Satkunanandan";
				TargetAttributes = {
					1BAB21661DDA7D5500BEC942 = {
						CreatedOnToolsVersion = 7.3.1;
					};
					1BAB21841DDA7D5500BEC942 = {
						CreatedOnToolsVersion = 7.3.1;
						TestTargetID = 1BAB21661DDA7D5500BEC942;
					};
				};
			};
			buildConfigurationList = 1BAB21621DDA7D5500BEC942 /* Build configuration list for PBXProject "SpaceNeonWars" */;
			compatibilityVersion = "Xcode 3.2";
			developmentRegion = English;
			hasScannedForEncodings = 0;
			knownRegions = (
				en,
				Base,
			);
			mainGroup = 1BAB215E1DDA7D5500BEC942;
			productRefGroup = 1BAB21681DDA7D5500BEC942 /* Products */;
			projectDirPath = "";
			projectRoot = "";
			targets = (
				1BAB21661DDA7D5500BEC942 /* SpaceNeonWars */,
				1BAB21841DDA7D5500BEC942 /* SpaceNeonWarsTests */,
			);
		};
/* End PBXProject section */

/* Begin PBXResourcesBuildPhase section */
		1BAB21651DDA7D5500BEC942 /* Resources */ = {
			isa = PBXResourcesBuildPhase;
			buildActionMask = 2147483647;
			files = (
				1BAB21741DDA7D5500BEC942 /* GameScene.sks in Resources */,
				1BAB217F1DDA7D5500BEC942 /* LaunchScreen.storyboard in Resources */,
				1BAB217C1DDA7D5500BEC942 /* Assets.xcassets in Resources */,
				1BAB217A1DDA7D5500BEC942 /* Main.storyboard in Resources */,
			);
			runOnlyForDeploymentPostprocessing = 0;
		};
		1BAB21831DDA7D5500BEC942 /* Resources */ = {
			isa = PBXResourcesBuildPhase;
			buildActionMask = 2147483647;
			files = (
			);
			runOnlyForDeploymentPostprocessing = 0;
		};
/* End PBXResourcesBuildPhase section */

/* Begin PBXSourcesBuildPhase section */
		1BAB21631DDA7D5500BEC942 /* Sources */ = {
			isa = PBXSourcesBuildPhase;
			buildActionMask = 2147483647;
			files = (
				1BAB21771DDA7D5500BEC942 /* GameViewController.m in Sources */,
				1BAB216F1DDA7D5500BEC942 /* AppDelegate.m in Sources */,
				1BAB21721DDA7D5500BEC942 /* GameScene.m in Sources */,
				1BAB216C1DDA7D5500BEC942 /* main.m in Sources */,
			);
			runOnlyForDeploymentPostprocessing = 0;
		};
		1BAB21811DDA7D5500BEC942 /* Sources */ = {
			isa = PBXSourcesBuildPhase;
			buildActionMask = 2147483647;
			files = (
				1BAB218A1DDA7D5500BEC942 /* SpaceNeonWarsTests.m in Sources */,
			);
			runOnlyForDeploymentPostprocessing = 0;
		};
/* End PBXSourcesBuildPhase section */

/* Begin PBXTargetDependency section */
		1BAB21871DDA7D5500BEC942 /* PBXTargetDependency */ = {
			isa = PBXTargetDependency;
			target = 1BAB21661DDA7D5500BEC942 /* SpaceNeonWars */;
			targetProxy = 1BAB21861DDA7D5500BEC942 /* PBXContainerItemProxy */;
		};
/* End PBXTargetDependency section */

/* Begin PBXVariantGroup section */
		1BAB21781DDA7D5500BEC942 /* Main.storyboard */ = {
			isa = PBXVariantGroup;
			children = (
				1BAB21791DDA7D5500BEC942 /* Base */,
			);
			name = Main.storyboard;
			sourceTree = "<group>";
		};
		1BAB217D1DDA7D5500BEC942 /* LaunchScreen.storyboard */ = {
			isa = PBXVariantGroup;
			children = (
				1BAB217E1DDA7D5500BEC942 /* Base */,
			);
			name = LaunchScreen.storyboard;
			sourceTree = "<group>";
		};
/* End PBXVariantGroup section */

/* Begin XCBuildConfiguration section */
		1BAB218C1DDA7D5500BEC942 /* Debug */ = {
			isa = XCBuildConfiguration;
			buildSettings = {
				ALWAYS_SEARCH_USER_PATHS = NO;
				CLANG_ANALYZER_NONNULL = YES;
				CLANG_CXX_LANGUAGE_STANDARD = "gnu++0x";
				CLANG_CXX_LIBRARY = "libc++";
				CLANG_ENABLE_MODULES = YES;
				CLANG_ENABLE_OBJC_ARC = YES;
				CLANG_WARN_BOOL_CONVERSION = YES;
				CLANG_WARN_CONSTANT_CONVERSION = YES;
				CLANG_WARN_DIRECT_OBJC_ISA_USAGE = YES_ERROR;
				CLANG_WARN_EMPTY_BODY = YES;
				CLANG_WARN_ENUM_CONVERSION = YES;
				CLANG_WARN_INT_CONVERSION = YES;
				CLANG_WARN_OBJC_ROOT_CLASS = YES_ERROR;
				CLANG_WARN_UNREACHABLE_CODE = YES;
				CLANG_WARN__DUPLICATE_METHOD_MATCH = YES;
				"CODE_SIGN_IDENTITY[sdk=iphoneos*]" = "iPhone Developer";
				COPY_PHASE_STRIP = NO;
				DEBUG_INFORMATION_FORMAT = "dwarf-with-dsym";
				ENABLE_STRICT_OBJC_MSGSEND = YES;
				ENABLE_TESTABILITY = YES;
				GCC_C_LANGUAGE_STANDARD = gnu99;
				GCC_DYNAMIC_NO_PIC = NO;
				GCC_NO_COMMON_BLOCKS = YES;
				GCC_OPTIMIZATION_LEVEL = 0;
				GCC_PREPROCESSOR_DEFINITIONS = (
					"DEBUG=1",
					"$(inherited)",
				);
				GCC_WARN_64_TO_32_BIT_CONVERSION = YES;
				GCC_WARN_ABOUT_RETURN_TYPE = YES_ERROR;
				GCC_WARN_UNDECLARED_SELECTOR = YES;
				GCC_WARN_UNINITIALIZED_AUTOS = YES_AGGRESSIVE;
				GCC_WARN_UNUSED_FUNCTION = YES;
				GCC_WARN_UNUSED_VARIABLE = YES;
				IPHONEOS_DEPLOYMENT_TARGET = 9.3;
				MTL_ENABLE_DEBUG_INFO = YES;
				ONLY_ACTIVE_ARCH = YES;
				SDKROOT = iphoneos;
				TARGETED_DEVICE_FAMILY = "1,2";
			};
			name = Debug;
		};
		1BAB218D1DDA7D5500BEC942 /* Release */ = {
			isa = XCBuildConfiguration;
			buildSettings = {
				ALWAYS_SEARCH_USER_PATHS = NO;
				CLANG_ANALYZER_NONNULL = YES;
				CLANG_CXX_LANGUAGE_STANDARD = "gnu++0x";
				CLANG_CXX_LIBRARY = "libc++";
				CLANG_ENABLE_MODULES = YES;
				CLANG_ENABLE_OBJC_ARC = YES;
				CLANG_WARN_BOOL_CONVERSION = YES;
				CLANG_WARN_CONSTANT_CONVERSION = YES;
				CLANG_WARN_DIRECT_OBJC_ISA_USAGE = YES_ERROR;
				CLANG_WARN_EMPTY_BODY = YES;
				CLANG_WARN_ENUM_CONVERSION = YES;
				CLANG_WARN_INT_CONVERSION = YES;
				CLANG_WARN_OBJC_ROOT_CLASS = YES_ERROR;
				CLANG_WARN_UNREACHABLE_CODE = YES;
				CLANG_WARN__DUPLICATE_METHOD_MATCH = YES;
				"CODE_SIGN_IDENTITY[sdk=iphoneos*]" = "iPhone Developer";
				COPY_PHASE_STRIP = NO;
				DEBUG_INFORMATION_FORMAT = "dwarf-with-dsym";
				ENABLE_NS_ASSERTIONS = NO;
				ENABLE_STRICT_OBJC_MSGSEND = YES;
				GCC_C_LANGUAGE_STANDARD = gnu99;
				GCC_NO_COMMON_BLOCKS = YES;
				GCC_WARN_64_TO_32_BIT_CONVERSION = YES;
				GCC_WARN_ABOUT_RETURN_TYPE = YES_ERROR;
				GCC_WARN_UNDECLARED_SELECTOR = YES;
				GCC_WARN_UNINITIALIZED_AUTOS = YES_AGGRESSIVE;
				GCC_WARN_UNUSED_FUNCTION = YES;
				GCC_WARN_UNUSED_VARIABLE = YES;
				IPHONEOS_DEPLOYMENT_TARGET = 9.3;
				MTL_ENABLE_DEBUG_INFO = NO;
				SDKROOT = iphoneos;
				TARGETED_DEVICE_FAMILY = "1,2";
				VALIDATE_PRODUCT = YES;
			};
			name = Release;
		};
		1BAB218F1DDA7D5500BEC942 /* Debug */ = {
			isa = XCBuildConfiguration;
			buildSettings = {
				ASSETCATALOG_COMPILER_APPICON_NAME = AppIcon;
				INFOPLIST_FILE = SpaceNeonWars/Info.plist;
				LD_RUNPATH_SEARCH_PATHS = "$(inherited) @executable_path/Frameworks";
				PRODUCT_BUNDLE_IDENTIFIER = com.gajaharan.SpaceNeonWars;
				PRODUCT_NAME = "$(TARGET_NAME)";
			};
			name = Debug;
		};
		1BAB21901DDA7D5500BEC942 /* Release */ = {
			isa = XCBuildConfiguration;
			buildSettings = {
				ASSETCATALOG_COMPILER_APPICON_NAME = AppIcon;
				INFOPLIST_FILE = SpaceNeonWars/Info.plist;
				LD_RUNPATH_SEARCH_PATHS = "$(inherited) @executable_path/Frameworks";
				PRODUCT_BUNDLE_IDENTIFIER = com.gajaharan.SpaceNeonWars;
				PRODUCT_NAME = "$(TARGET_NAME)";
			};
			name = Release;
		};
		1BAB21921DDA7D5500BEC942 /* Debug */ = {
			isa = XCBuildConfiguration;
			buildSettings = {
				BUNDLE_LOADER = "$(TEST_HOST)";
				DEBUG_INFORMATION_FORMAT = dwarf;
				INFOPLIST_FILE = SpaceNeonWarsTests/Info.plist;
				LD_RUNPATH_SEARCH_PATHS = "$(inherited) @executable_path/Frameworks @loader_path/Frameworks";
				PRODUCT_BUNDLE_IDENTIFIER = com.gajaharan.SpaceNeonWarsTests;
				PRODUCT_NAME = "$(TARGET_NAME)";
				TEST_HOST = "$(BUILT_PRODUCTS_DIR)/SpaceNeonWars.app/SpaceNeonWars";
			};
			name = Debug;
		};
		1BAB21931DDA7D5500BEC942 /* Release */ = {
			isa = XCBuildConfiguration;
			buildSettings = {
				BUNDLE_LOADER = "$(TEST_HOST)";
				INFOPLIST_FILE = SpaceNeonWarsTests/Info.plist;
				LD_RUNPATH_SEARCH_PATHS = "$(inherited) @executable_path/Frameworks @loader_path/Frameworks";
				PRODUCT_BUNDLE_IDENTIFIER = com.gajaharan.SpaceNeonWarsTests;
				PRODUCT_NAME = "$(TARGET_NAME)";
				TEST_HOST = "$(BUILT_PRODUCTS_DIR)/SpaceNeonWars.app/SpaceNeonWars";
			};
			name = Release;
		};
/* End XCBuildConfiguration section */

/* Begin XCConfigurationList section */
		1BAB21621DDA7D5500BEC942 /* Build configuration list for PBXProject "SpaceNeonWars" */ = {
			isa = XCConfigurationList;
			buildConfigurations = (
				1BAB218C1DDA7D5500BEC942 /* Debug */,
				1BAB218D1DDA7D5500BEC942 /* Release */,
			);
			defaultConfigurationIsVisible = 0;
			defaultConfigurationName = Release;
		};
		1BAB218E1DDA7D5500BEC942 /* Build configuration list for PBXNativeTarget "SpaceNeonWars" */ = {
			isa = XCConfigurationList;
			buildConfigurations = (
				1BAB218F1DDA7D5500BEC942 /* Debug */,
				1BAB21901DDA7D5500BEC942 /* Release */,
			);
			defaultConfigurationIsVisible = 0;
		};
		1BAB21911DDA7D5500BEC942 /* Build configuration list for PBXNativeTarget "SpaceNeonWarsTests" */ = {
			isa = XCConfigurationList;
			buildConfigurations = (
				1BAB21921DDA7D5500BEC942 /* Debug */,
				1BAB21931DDA7D5500BEC942 /* Release */,
			);
			defaultConfigurationIsVisible = 0;
		};
/* End XCConfigurationList section */
	};
	rootObject = 1BAB215F1DDA7D5500BEC942 /* Project object */;
}
